
Microsoft Visual Studio Solution File, Format Version 12.00
# Visual Studio 15
Project("{FAE04EC0-301F-11D3-BF4B-00C04F79EFBC}") = "Assembly-CSharp", "Assembly-CSharp.csproj", "{E59297F7-01D2-0217-FEB1-8BEC79DEDD7B}"
EndProject
Project("{FAE04EC0-301F-11D3-BF4B-00C04F79EFBC}") = "PhotonUnityNetworking.Demos", "PhotonUnityNetworking.Demos.csproj", "{C1980DF7-2306-D8D5-A4D7-6040D2F4B583}"
EndProject
Project("{FAE04EC0-301F-11D3-BF4B-00C04F79EFBC}") = "PhotonRealtime", "PhotonRealtime.csproj", "{91C250AF-B5E2-47A7-BED8-BF0CC95BF267}"
EndProject
Project("{FAE04EC0-301F-11D3-BF4B-00C04F79EFBC}") = "PhotonUnityNetworking", "PhotonUnityNetworking.csproj", "{1702BDCC-7C3B-4D2F-C38D-76E9FB5B2F3A}"
EndProject
Project("{FAE04EC0-301F-11D3-BF4B-00C04F79EFBC}") = "PhotonUnityNetworking.Utilities", "PhotonUnityNetworking.Utilities.csproj", "{56315D95-7447-78B9-845C-C73718148ED2}"
EndProject
Project("{FAE04EC0-301F-11D3-BF4B-00C04F79EFBC}") = "PhotonChat", "PhotonChat.csproj", "{FE17021D-E155-4BFF-FC6B-BB16A1339883}"
EndProject
Project("{FAE04EC0-301F-11D3-BF4B-00C04F79EFBC}") = "PhotonUnityNetworking.Editor", "PhotonUnityNetworking.Editor.csproj", "{38CADB63-22B5-AE7E-99CC-D139CEC1E874}"
EndProject
Project("{FAE04EC0-301F-11D3-BF4B-00C04F79EFBC}") = "PhotonUnityNetworking.Utilities.PhotonPlayer.Editor", "PhotonUnityNetworking.Utilities.PhotonPlayer.Editor.csproj", "{B2663B56-C908-91DC-5F4A-04C7475DE16E}"
EndProject
Project("{FAE04EC0-301F-11D3-BF4B-00C04F79EFBC}") = "PunDemos.DemoSlotcarEditor", "PunDemos.DemoSlotcarEditor.csproj", "{275BD652-E266-C1DB-E74A-86A69BE003E3}"
EndProject
Project("{FAE04EC0-301F-11D3-BF4B-00C04F79EFBC}") = "PhotonUnityNetworking.Utilities.Culling.Editor", "PhotonUnityNetworking.Utilities.Culling.Editor.csproj", "{6CABB434-A1FA-FA09-0468-6065F4202221}"
EndProject
Project("{FAE04EC0-301F-11D3-BF4B-00C04F79EFBC}") = "PunDemos.DemoHubEditor", "PunDemos.DemoHubEditor.csproj", "{73EF62B1-7580-248E-00AD-500B79616BE7}"
EndProject
Project("{FAE04EC0-301F-11D3-BF4B-00C04F79EFBC}") = "Assembly-CSharp-Editor", "Assembly-CSharp-Editor.csproj", "{BA050C72-37BF-7494-D37A-939D7B1FBD21}"
EndProject
Project("{FAE04EC0-301F-11D3-BF4B-00C04F79EFBC}") = "ParrelSync", "ParrelSync.csproj", "{384CA8D8-42BE-E9CB-65BB-D9B027742040}"
EndProject
Global
	GlobalSection(SolutionConfigurationPlatforms) = preSolution
		Debug|Any CPU = Debug|Any CPU
		Release|Any CPU = Release|Any CPU
	EndGlobalSection
	GlobalSection(ProjectConfigurationPlatforms) = postSolution
		{E59297F7-01D2-0217-FEB1-8BEC79DEDD7B}.Debug|Any CPU.ActiveCfg = Debug|Any CPU
		{E59297F7-01D2-0217-FEB1-8BEC79DEDD7B}.Debug|Any CPU.Build.0 = Debug|Any CPU
		{E59297F7-01D2-0217-FEB1-8BEC79DEDD7B}.Release|Any CPU.ActiveCfg = Release|Any CPU
		{E59297F7-01D2-0217-FEB1-8BEC79DEDD7B}.Release|Any CPU.Build.0 = Release|Any CPU
		{C1980DF7-2306-D8D5-A4D7-6040D2F4B583}.Debug|Any CPU.ActiveCfg = Debug|Any CPU
		{C1980DF7-2306-D8D5-A4D7-6040D2F4B583}.Debug|Any CPU.Build.0 = Debug|Any CPU
		{C1980DF7-2306-D8D5-A4D7-6040D2F4B583}.Release|Any CPU.ActiveCfg = Release|Any CPU
		{C1980DF7-2306-D8D5-A4D7-6040D2F4B583}.Release|Any CPU.Build.0 = Release|Any CPU
		{91C250AF-B5E2-47A7-BED8-BF0CC95BF267}.Debug|Any CPU.ActiveCfg = Debug|Any CPU
		{91C250AF-B5E2-47A7-BED8-BF0CC95BF267}.Debug|Any CPU.Build.0 = Debug|Any CPU
		{91C250AF-B5E2-47A7-BED8-BF0CC95BF267}.Release|Any CPU.ActiveCfg = Release|Any CPU
		{91C250AF-B5E2-47A7-BED8-BF0CC95BF267}.Release|Any CPU.Build.0 = Release|Any CPU
		{1702BDCC-7C3B-4D2F-C38D-76E9FB5B2F3A}.Debug|Any CPU.ActiveCfg = Debug|Any CPU
		{1702BDCC-7C3B-4D2F-C38D-76E9FB5B2F3A}.Debug|Any CPU.Build.0 = Debug|Any CPU
		{1702BDCC-7C3B-4D2F-C38D-76E9FB5B2F3A}.Release|Any CPU.ActiveCfg = Release|Any CPU
		{1702BDCC-7C3B-4D2F-C38D-76E9FB5B2F3A}.Release|Any CPU.Build.0 = Release|Any CPU
		{56315D95-7447-78B9-845C-C73718148ED2}.Debug|Any CPU.ActiveCfg = Debug|Any CPU
		{56315D95-7447-78B9-845C-C73718148ED2}.Debug|Any CPU.Build.0 = Debug|Any CPU
		{56315D95-7447-78B9-845C-C73718148ED2}.Release|Any CPU.ActiveCfg = Release|Any CPU
		{56315D95-7447-78B9-845C-C73718148ED2}.Release|Any CPU.Build.0 = Release|Any CPU
		{FE17021D-E155-4BFF-FC6B-BB16A1339883}.Debug|Any CPU.ActiveCfg = Debug|Any CPU
		{FE17021D-E155-4BFF-FC6B-BB16A1339883}.Debug|Any CPU.Build.0 = Debug|Any CPU
		{FE17021D-E155-4BFF-FC6B-BB16A1339883}.Release|Any CPU.ActiveCfg = Release|Any CPU
		{FE17021D-E155-4BFF-FC6B-BB16A1339883}.Release|Any CPU.Build.0 = Release|Any CPU
		{38CADB63-22B5-AE7E-99CC-D139CEC1E874}.Debug|Any CPU.ActiveCfg = Debug|Any CPU
		{38CADB63-22B5-AE7E-99CC-D139CEC1E874}.Debug|Any CPU.Build.0 = Debug|Any CPU
		{38CADB63-22B5-AE7E-99CC-D139CEC1E874}.Release|Any CPU.ActiveCfg = Release|Any CPU
		{38CADB63-22B5-AE7E-99CC-D139CEC1E874}.Release|Any CPU.Build.0 = Release|Any CPU
		{B2663B56-C908-91DC-5F4A-04C7475DE16E}.Debug|Any CPU.ActiveCfg = Debug|Any CPU
		{B2663B56-C908-91DC-5F4A-04C7475DE16E}.Debug|Any CPU.Build.0 = Debug|Any CPU
		{B2663B56-C908-91DC-5F4A-04C7475DE16E}.Release|Any CPU.ActiveCfg = Release|Any CPU
		{B2663B56-C908-91DC-5F4A-04C7475DE16E}.Release|Any CPU.Build.0 = Release|Any CPU
		{275BD652-E266-C1DB-E74A-86A69BE003E3}.Debug|Any CPU.ActiveCfg = Debug|Any CPU
		{275BD652-E266-C1DB-E74A-86A69BE003E3}.Debug|Any CPU.Build.0 = Debug|Any CPU
		{275BD652-E266-C1DB-E74A-86A69BE003E3}.Release|Any CPU.ActiveCfg = Release|Any CPU
		{275BD652-E266-C1DB-E74A-86A69BE003E3}.Release|Any CPU.Build.0 = Release|Any CPU
		{6CABB434-A1FA-FA09-0468-6065F4202221}.Debug|Any CPU.ActiveCfg = Debug|Any CPU
		{6CABB434-A1FA-FA09-0468-6065F4202221}.Debug|Any CPU.Build.0 = Debug|Any CPU
		{6CABB434-A1FA-FA09-0468-6065F4202221}.Release|Any CPU.ActiveCfg = Release|Any CPU
		{6CABB434-A1FA-FA09-0468-6065F4202221}.Release|Any CPU.Build.0 = Release|Any CPU
		{73EF62B1-7580-248E-00AD-500B79616BE7}.Debug|Any CPU.ActiveCfg = Debug|Any CPU
		{73EF62B1-7580-248E-00AD-500B79616BE7}.Debug|Any CPU.Build.0 = Debug|Any CPU
		{73EF62B1-7580-248E-00AD-500B79616BE7}.Release|Any CPU.ActiveCfg = Release|Any CPU
		{73EF62B1-7580-248E-00AD-500B79616BE7}.Release|Any CPU.Build.0 = Release|Any CPU
		{BA050C72-37BF-7494-D37A-939D7B1FBD21}.Debug|Any CPU.ActiveCfg = Debug|Any CPU
		{BA050C72-37BF-7494-D37A-939D7B1FBD21}.Debug|Any CPU.Build.0 = Debug|Any CPU
		{BA050C72-37BF-7494-D37A-939D7B1FBD21}.Release|Any CPU.ActiveCfg = Release|Any CPU
		{BA050C72-37BF-7494-D37A-939D7B1FBD21}.Release|Any CPU.Build.0 = Release|Any CPU
		{384CA8D8-42BE-E9CB-65BB-D9B027742040}.Debug|Any CPU.ActiveCfg = Debug|Any CPU
		{384CA8D8-42BE-E9CB-65BB-D9B027742040}.Debug|Any CPU.Build.0 = Debug|Any CPU
		{384CA8D8-42BE-E9CB-65BB-D9B027742040}.Release|Any CPU.ActiveCfg = Release|Any CPU
		{384CA8D8-42BE-E9CB-65BB-D9B027742040}.Release|Any CPU.Build.0 = Release|Any CPU
	EndGlobalSection
	GlobalSection(SolutionProperties) = preSolution
		HideSolutionNode = FALSE
	EndGlobalSection
EndGlobal
